
Microsoft Visual Studio Solution File, Format Version 12.00
# Visual Studio Version 17
VisualStudioVersion = 17.5.33516.290
MinimumVisualStudioVersion = 10.0.40219.1
Project("{9A19103F-16F7-4668-BE54-9A1E7A4F7556}") = "TaskWhenAll.Example", "Task.WhenAll\TaskWhenAll.Example.csproj", "{59257F47-9541-481C-B761-CA3E585F04A4}"
EndProject
Project("{9A19103F-16F7-4668-BE54-9A1E7A4F7556}") = "TaskThreadApp", "TaskThreadApp\TaskThreadApp.csproj", "{925D860F-C94C-40F5-8638-C270F512F19F}"
EndProject
Project("{9A19103F-16F7-4668-BE54-9A1E7A4F7556}") = "ParallelForeach", "ParallelForeach\ParallelForeach.csproj", "{2E149E10-4D78-4569-B840-821AACDCAB52}"
EndProject
Project("{9A19103F-16F7-4668-BE54-9A1E7A4F7556}") = "ParallelForeachWithCancellationToken", "ParallelForeachWithCancellationToken\ParallelForeachWithCancellationToken.csproj", "{4C04228C-F85F-41AC-A512-16F6C5D4FC3C}"
EndProject
Project("{FAE04EC0-301F-11D3-BF4B-00C04F79EFBC}") = "PLinq", "PLinq\PLinq.csproj", "{386A35D6-3DEA-4FC9-B4E9-7A4C1FBEFD8D}"
EndProject
Global
	GlobalSection(SolutionConfigurationPlatforms) = preSolution
		Debug|Any CPU = Debug|Any CPU
		Release|Any CPU = Release|Any CPU
	EndGlobalSection
	GlobalSection(ProjectConfigurationPlatforms) = postSolution
		{59257F47-9541-481C-B761-CA3E585F04A4}.Debug|Any CPU.ActiveCfg = Debug|Any CPU
		{59257F47-9541-481C-B761-CA3E585F04A4}.Debug|Any CPU.Build.0 = Debug|Any CPU
		{59257F47-9541-481C-B761-CA3E585F04A4}.Release|Any CPU.ActiveCfg = Release|Any CPU
		{59257F47-9541-481C-B761-CA3E585F04A4}.Release|Any CPU.Build.0 = Release|Any CPU
		{925D860F-C94C-40F5-8638-C270F512F19F}.Debug|Any CPU.ActiveCfg = Debug|Any CPU
		{925D860F-C94C-40F5-8638-C270F512F19F}.Debug|Any CPU.Build.0 = Debug|Any CPU
		{925D860F-C94C-40F5-8638-C270F512F19F}.Release|Any CPU.ActiveCfg = Release|Any CPU
		{925D860F-C94C-40F5-8638-C270F512F19F}.Release|Any CPU.Build.0 = Release|Any CPU
		{2E149E10-4D78-4569-B840-821AACDCAB52}.Debug|Any CPU.ActiveCfg = Debug|Any CPU
		{2E149E10-4D78-4569-B840-821AACDCAB52}.Debug|Any CPU.Build.0 = Debug|Any CPU
		{2E149E10-4D78-4569-B840-821AACDCAB52}.Release|Any CPU.ActiveCfg = Release|Any CPU
		{2E149E10-4D78-4569-B840-821AACDCAB52}.Release|Any CPU.Build.0 = Release|Any CPU
		{4C04228C-F85F-41AC-A512-16F6C5D4FC3C}.Debug|Any CPU.ActiveCfg = Debug|Any CPU
		{4C04228C-F85F-41AC-A512-16F6C5D4FC3C}.Debug|Any CPU.Build.0 = Debug|Any CPU
		{4C04228C-F85F-41AC-A512-16F6C5D4FC3C}.Release|Any CPU.ActiveCfg = Release|Any CPU
		{4C04228C-F85F-41AC-A512-16F6C5D4FC3C}.Release|Any CPU.Build.0 = Release|Any CPU
		{386A35D6-3DEA-4FC9-B4E9-7A4C1FBEFD8D}.Debug|Any CPU.ActiveCfg = Debug|Any CPU
		{386A35D6-3DEA-4FC9-B4E9-7A4C1FBEFD8D}.Debug|Any CPU.Build.0 = Debug|Any CPU
		{386A35D6-3DEA-4FC9-B4E9-7A4C1FBEFD8D}.Release|Any CPU.ActiveCfg = Release|Any CPU
		{386A35D6-3DEA-4FC9-B4E9-7A4C1FBEFD8D}.Release|Any CPU.Build.0 = Release|Any CPU
	EndGlobalSection
	GlobalSection(SolutionProperties) = preSolution
		HideSolutionNode = FALSE
	EndGlobalSection
	GlobalSection(ExtensibilityGlobals) = postSolution
		SolutionGuid = {90D7478A-F9FE-4C9D-B105-8D6DCFA7D834}
	EndGlobalSection
EndGlobal
